
Microsoft Visual Studio Solution File, Format Version 12.00
# Visual Studio Version 17
VisualStudioVersion = 17.3.32825.248
MinimumVisualStudioVersion = 10.0.40219.1
Project("{FAE04EC0-301F-11D3-BF4B-00C04F79EFBC}") = "DemoApp", "DemoApp\DemoApp.csproj", "{DDBC6AFE-EB6F-4ADA-8B50-DBAACAC8C7E5}"
EndProject
Global
	GlobalSection(SolutionConfigurationPlatforms) = preSolution
		Debug|Any CPU = Debug|Any CPU
		Release|Any CPU = Release|Any CPU
	EndGlobalSection
	GlobalSection(ProjectConfigurationPlatforms) = postSolution
		{DDBC6AFE-EB6F-4ADA-8B50-DBAACAC8C7E5}.Debug|Any CPU.ActiveCfg = Debug|Any CPU
		{DDBC6AFE-EB6F-4ADA-8B50-DBAACAC8C7E5}.Debug|Any CPU.Build.0 = Debug|Any CPU
		{DDBC6AFE-EB6F-4ADA-8B50-DBAACAC8C7E5}.Release|Any CPU.ActiveCfg = Release|Any CPU
		{DDBC6AFE-EB6F-4ADA-8B50-DBAACAC8C7E5}.Release|Any CPU.Build.0 = Release|Any CPU
	EndGlobalSection
	GlobalSection(SolutionProperties) = preSolution
		HideSolutionNode = FALSE
	EndGlobalSection
	GlobalSection(ExtensibilityGlobals) = postSolution
		SolutionGuid = {3C7B5956-170A-45EF-8A7D-BE3604325A97}
	EndGlobalSection
EndGlobal
